
Microsoft Visual Studio Solution File, Format Version 12.00
# Visual Studio Version 16
VisualStudioVersion = 16.0.30711.63
MinimumVisualStudioVersion = 10.0.40219.1
Project("{FAE04EC0-301F-11D3-BF4B-00C04F79EFBC}") = "CodersAcademy.API", "CodersAcademy.API\CodersAcademy.API.csproj", "{9FBCAAE6-FFE2-4443-A2EB-24B86775B6C6}"
EndProject
Global
	GlobalSection(SolutionConfigurationPlatforms) = preSolution
		Debug|Any CPU = Debug|Any CPU
		Release|Any CPU = Release|Any CPU
	EndGlobalSection
	GlobalSection(ProjectConfigurationPlatforms) = postSolution
		{9FBCAAE6-FFE2-4443-A2EB-24B86775B6C6}.Debug|Any CPU.ActiveCfg = Debug|Any CPU
		{9FBCAAE6-FFE2-4443-A2EB-24B86775B6C6}.Debug|Any CPU.Build.0 = Debug|Any CPU
		{9FBCAAE6-FFE2-4443-A2EB-24B86775B6C6}.Release|Any CPU.ActiveCfg = Release|Any CPU
		{9FBCAAE6-FFE2-4443-A2EB-24B86775B6C6}.Release|Any CPU.Build.0 = Release|Any CPU
	EndGlobalSection
	GlobalSection(SolutionProperties) = preSolution
		HideSolutionNode = FALSE
	EndGlobalSection
	GlobalSection(ExtensibilityGlobals) = postSolution
		SolutionGuid = {20CD0D4A-B9F8-48BB-9A63-C6907DB541F6}
	EndGlobalSection
EndGlobal
